{
  "name": "workspace",
  "version": "1.0.0",
  "lockfileVersion": 3,
  "requires": true,
  "packages": {
    "": {
      "name": "workspace",
      "version": "1.0.0",
      "license": "ISC",
      "dependencies": {
        "@bufbuild/buf": "^1.29.0"
      }
    },
    "node_modules/@bufbuild/buf": {
      "version": "1.29.0",
      "resolved": "https://registry.npmjs.org/@bufbuild/buf/-/buf-1.29.0.tgz",
      "integrity": "sha512-euksXeFtvlvAV5j94LqXb69qQcJvFfo8vN1d3cx+IzhOKoipykuQQTq7mOWVo2R0kdk6yIMBLBofOYOsh0Df8g==",
      "hasInstallScript": true,
      "bin": {
        "buf": "bin/buf",
        "protoc-gen-buf-breaking": "bin/protoc-gen-buf-breaking",
        "protoc-gen-buf-lint": "bin/protoc-gen-buf-lint"
      },
      "engines": {
        "node": ">=12"
      },
      "optionalDependencies": {
        "@bufbuild/buf-darwin-arm64": "1.29.0",
        "@bufbuild/buf-darwin-x64": "1.29.0",
        "@bufbuild/buf-linux-aarch64": "1.29.0",
        "@bufbuild/buf-linux-x64": "1.29.0",
        "@bufbuild/buf-win32-arm64": "1.29.0",
        "@bufbuild/buf-win32-x64": "1.29.0"
      }
    },
    "node_modules/@bufbuild/buf-darwin-arm64": {
      "version": "1.29.0",
      "resolved": "https://registry.npmjs.org/@bufbuild/buf-darwin-arm64/-/buf-darwin-arm64-1.29.0.tgz",
      "integrity": "sha512-5hKxsARoY2WpWq1n5ONFqqGuauHb4yILKXCy37KRYCKiRLWmIP5yI3gWvWHKoH7sUJWTQmBqdJoCvYQr6ahQnw==",
      "cpu": [
        "arm64"
      ],
      "optional": true,
      "os": [
        "darwin"
      ],
      "engines": {
        "node": ">=12"
      }
    },
    "node_modules/@bufbuild/buf-darwin-x64": {
      "version": "1.29.0",
      "resolved": "https://registry.npmjs.org/@bufbuild/buf-darwin-x64/-/buf-darwin-x64-1.29.0.tgz",
      "integrity": "sha512-wOAPxbPLBns4AHiComWtdO1sx1J1p6mDYTbqmloHuI+B5U2rDbMsoHoe4nBcoMF8+RHxoqjypha29wVo6yzbZg==",
      "cpu": [
        "x64"
      ],
      "optional": true,
      "os": [
        "darwin"
      ],
      "engines": {
        "node": ">=12"
      }
    },
    "node_modules/@bufbuild/buf-linux-aarch64": {
      "version": "1.29.0",
      "resolved": "https://registry.npmjs.org/@bufbuild/buf-linux-aarch64/-/buf-linux-aarch64-1.29.0.tgz",
      "integrity": "sha512-jLk2J/wyyM7KNJ/DkLfhy3eS2/Bdb70e/56adMkapSoLJmghnpgxW+oFznMxxQUX5I9BU5hTn1UhDFxgLwhP7g==",
      "cpu": [
        "arm64"
      ],
      "optional": true,
      "os": [
        "linux"
      ],
      "engines": {
        "node": ">=12"
      }
    },
    "node_modules/@bufbuild/buf-linux-x64": {
      "version": "1.29.0",
      "resolved": "https://registry.npmjs.org/@bufbuild/buf-linux-x64/-/buf-linux-x64-1.29.0.tgz",
      "integrity": "sha512-heLOywj3Oaoh69RnTx7tHsuz6rEnvz77bghLEOghsrjBR6Jcpcwc137EZR4kRTIWJNrE8Kmo3RVeXlv144qQIQ==",
      "cpu": [
        "x64"
      ],
      "optional": true,
      "os": [
        "linux"
      ],
      "engines": {
        "node": ">=12"
      }
    },
    "node_modules/@bufbuild/buf-win32-arm64": {
      "version": "1.29.0",
      "resolved": "https://registry.npmjs.org/@bufbuild/buf-win32-arm64/-/buf-win32-arm64-1.29.0.tgz",
      "integrity": "sha512-Eglyvr3PLqVucuHBcQ61conyBgH9BRaoLpKWcce1gYBVlxMQM1NxjVjGOWihxQ1dXXw5qZXmYfVODf3gSwPMuQ==",
      "cpu": [
        "arm64"
      ],
      "optional": true,
      "os": [
        "win32"
      ],
      "engines": {
        "node": ">=12"
      }
    },
    "node_modules/@bufbuild/buf-win32-x64": {
      "version": "1.29.0",
      "resolved": "https://registry.npmjs.org/@bufbuild/buf-win32-x64/-/buf-win32-x64-1.29.0.tgz",
      "integrity": "sha512-wRk6co+nqHqEq4iLolXgej0jUVlWlTtGHjKaq54lTbKZrwxrBgql6qS06abgNPRASX0++XT9m3QRZ97qEIC/HQ==",
      "cpu": [
        "x64"
      ],
      "optional": true,
      "os": [
        "win32"
      ],
      "engines": {
        "node": ">=12"
      }
    }
  }
}
