{
  "name": "single",
  "version": "1.0.0",
  "lockfileVersion": 3,
  "requires": true,
  "packages": {
    "": {
      "name": "single",
      "version": "1.0.0",
      "license": "ISC",
      "dependencies": {
        "@bufbuild/buf": "^1.55.1"
      }
    },
    "node_modules/@bufbuild/buf": {
      "version": "1.55.1",
      "resolved": "https://registry.npmjs.org/@bufbuild/buf/-/buf-1.55.1.tgz",
      "integrity": "sha512-V9tpe2XlRVyq33cct2lNz9nDDQG95WbPKlxQkMKt5i7tPsfqE3vzbGiEC96K0QJWhIU28OkjYD8+1SyYKBWVYg==",
      "hasInstallScript": true,
      "license": "Apache-2.0",
      "bin": {
        "buf": "bin/buf",
        "protoc-gen-buf-breaking": "bin/protoc-gen-buf-breaking",
        "protoc-gen-buf-lint": "bin/protoc-gen-buf-lint"
      },
      "engines": {
        "node": ">=12"
      },
      "optionalDependencies": {
        "@bufbuild/buf-darwin-arm64": "1.55.1",
        "@bufbuild/buf-darwin-x64": "1.55.1",
        "@bufbuild/buf-linux-aarch64": "1.55.1",
        "@bufbuild/buf-linux-armv7": "1.55.1",
        "@bufbuild/buf-linux-x64": "1.55.1",
        "@bufbuild/buf-win32-arm64": "1.55.1",
        "@bufbuild/buf-win32-x64": "1.55.1"
      }
    },
    "node_modules/@bufbuild/buf-darwin-arm64": {
      "version": "1.55.1",
      "resolved": "https://registry.npmjs.org/@bufbuild/buf-darwin-arm64/-/buf-darwin-arm64-1.55.1.tgz",
      "integrity": "sha512-g76yEF2ALyjj+R8KVoIjPPS7zaPy6VDWg2b5PCCK04fKTbe5jyzOdYdvNyuM5hO8xpRPBjBrqO6LUAfS+0aRCQ==",
      "cpu": [
        "arm64"
      ],
      "license": "Apache-2.0",
      "optional": true,
      "os": [
        "darwin"
      ],
      "engines": {
        "node": ">=12"
      }
    },
    "node_modules/@bufbuild/buf-darwin-x64": {
      "version": "1.55.1",
      "resolved": "https://registry.npmjs.org/@bufbuild/buf-darwin-x64/-/buf-darwin-x64-1.55.1.tgz",
      "integrity": "sha512-hCkatzlV7DwHWEyzzcpsZgLtxABidT/EYBmLTy6oSCHimOJzR1c5ezKe75tX7myDAfV0HZExIM7+cSsWg3dTPg==",
      "cpu": [
        "x64"
      ],
      "license": "Apache-2.0",
      "optional": true,
      "os": [
        "darwin"
      ],
      "engines": {
        "node": ">=12"
      }
    },
    "node_modules/@bufbuild/buf-linux-aarch64": {
      "version": "1.55.1",
      "resolved": "https://registry.npmjs.org/@bufbuild/buf-linux-aarch64/-/buf-linux-aarch64-1.55.1.tgz",
      "integrity": "sha512-hA4jGPZ2N+FUZt03w+hPt6YsbhAdOh2gNKBQnuysj8kdTqZ4mw1wCOUoRg9h7eqOr/2XCcOibWYO36H2eS2OYQ==",
      "cpu": [
        "arm64"
      ],
      "license": "Apache-2.0",
      "optional": true,
      "os": [
        "linux"
      ],
      "engines": {
        "node": ">=12"
      }
    },
    "node_modules/@bufbuild/buf-linux-armv7": {
      "version": "1.55.1",
      "resolved": "https://registry.npmjs.org/@bufbuild/buf-linux-armv7/-/buf-linux-armv7-1.55.1.tgz",
      "integrity": "sha512-npnzJSAZRUdh8+fmgsbXt+dogA+iU/i/qWh+3XhdLXW220nWpd1jAXcpquaVfer8EwMEcYjqVf8FA7IXOgjGXw==",
      "cpu": [
        "arm"
      ],
      "license": "Apache-2.0",
      "optional": true,
      "os": [
        "linux"
      ],
      "engines": {
        "node": ">=12"
      }
    },
    "node_modules/@bufbuild/buf-linux-x64": {
      "version": "1.55.1",
      "resolved": "https://registry.npmjs.org/@bufbuild/buf-linux-x64/-/buf-linux-x64-1.55.1.tgz",
      "integrity": "sha512-/48IjSA1kh/8kZl1bcDkikgH+9BMnPhhVqad+R7+3ttYOFqifet3n+hf2ipA26NtTpTfvOSRXj1tdx/80x0I1g==",
      "cpu": [
        "x64"
      ],
      "license": "Apache-2.0",
      "optional": true,
      "os": [
        "linux"
      ],
      "engines": {
        "node": ">=12"
      }
    },
    "node_modules/@bufbuild/buf-win32-arm64": {
      "version": "1.55.1",
      "resolved": "https://registry.npmjs.org/@bufbuild/buf-win32-arm64/-/buf-win32-arm64-1.55.1.tgz",
      "integrity": "sha512-CE+jAN1ikRTIdny6Q/geccKsLhy4QEXzUaJUfAiUXqjSW2u/Et7+p9Wh6xUgXcSuIoz1aw8MVuCESrNMBt6LBg==",
      "cpu": [
        "arm64"
      ],
      "license": "Apache-2.0",
      "optional": true,
      "os": [
        "win32"
      ],
      "engines": {
        "node": ">=12"
      }
    },
    "node_modules/@bufbuild/buf-win32-x64": {
      "version": "1.55.1",
      "resolved": "https://registry.npmjs.org/@bufbuild/buf-win32-x64/-/buf-win32-x64-1.55.1.tgz",
      "integrity": "sha512-C4VYS96YBJkLhIKH6yh8BqHgIjqGe+G6yuAOOKxWsYdx3QbT5LYOr38AP1bzkFm0Gz9jOOr5n0pmAFwsOLYjiw==",
      "cpu": [
        "x64"
      ],
      "license": "Apache-2.0",
      "optional": true,
      "os": [
        "win32"
      ],
      "engines": {
        "node": ">=12"
      }
    }
  }
}
